
Microsoft Visual Studio Solution File, Format Version 12.00
# Visual Studio 2012
Project("{8BC9CEB8-8B4A-11D0-8D11-00A0C91BC942}") = "Project1", "Project1\Project1.vcxproj", "{EDD2D952-47CC-4803-A29E-6B289356BDDD}"
EndProject
Global
	GlobalSection(SolutionConfigurationPlatforms) = preSolution
		Debug|Win32 = Debug|Win32
		Release|Win32 = Release|Win32
	EndGlobalSection
	GlobalSection(ProjectConfigurationPlatforms) = postSolution
		{EDD2D952-47CC-4803-A29E-6B289356BDDD}.Debug|Win32.ActiveCfg = Debug|Win32
		{EDD2D952-47CC-4803-A29E-6B289356BDDD}.Debug|Win32.Build.0 = Debug|Win32
		{EDD2D952-47CC-4803-A29E-6B289356BDDD}.Release|Win32.ActiveCfg = Release|Win32
		{EDD2D952-47CC-4803-A29E-6B289356BDDD}.Release|Win32.Build.0 = Release|Win32
	EndGlobalSection
	GlobalSection(SolutionProperties) = preSolution
		HideSolutionNode = FALSE
	EndGlobalSection
EndGlobal
